
Microsoft Visual Studio Solution File, Format Version 12.00
# Visual Studio Version 16
VisualStudioVersion = 16.0.32428.249
MinimumVisualStudioVersion = 10.0.40219.1
Project("{FAE04EC0-301F-11D3-BF4B-00C04F79EFBC}") = "Modbus_Relay", "Modbus_Relay.csproj", "{A61A5E76-EFA1-48AF-B5B7-45C4B7F23D1F}"
EndProject
Global
	GlobalSection(SolutionConfigurationPlatforms) = preSolution
		Debug|Any CPU = Debug|Any CPU
		Release|Any CPU = Release|Any CPU
	EndGlobalSection
	GlobalSection(ProjectConfigurationPlatforms) = postSolution
		{A61A5E76-EFA1-48AF-B5B7-45C4B7F23D1F}.Debug|Any CPU.ActiveCfg = Debug|Any CPU
		{A61A5E76-EFA1-48AF-B5B7-45C4B7F23D1F}.Debug|Any CPU.Build.0 = Debug|Any CPU
		{A61A5E76-EFA1-48AF-B5B7-45C4B7F23D1F}.Release|Any CPU.ActiveCfg = Release|Any CPU
		{A61A5E76-EFA1-48AF-B5B7-45C4B7F23D1F}.Release|Any CPU.Build.0 = Release|Any CPU
	EndGlobalSection
	GlobalSection(SolutionProperties) = preSolution
		HideSolutionNode = FALSE
	EndGlobalSection
	GlobalSection(ExtensibilityGlobals) = postSolution
		SolutionGuid = {076E547D-4E5E-47FB-9A33-7F44411E5709}
	EndGlobalSection
EndGlobal
